{
  "name": "get-column-path",
  "version": "1.0.0",
  "lockfileVersion": 1,
  "requires": true,
  "dependencies": {
    "js-base64": {
      "version": "2.4.5",
      "resolved": "https://registry.npmjs.org/js-base64/-/js-base64-2.4.5.tgz",
      "integrity": "sha512-aUnNwqMOXw3yvErjMPSQu6qIIzUmT1e5KcU1OZxRDU1g/am6mzBvcrmLAYwzmB59BHPrh5/tKaiF4OPhqRWESQ=="
    },
    "numeral": {
      "version": "2.0.6",
      "resolved": "https://registry.npmjs.org/numeral/-/numeral-2.0.6.tgz",
      "integrity": "sha1-StCAk21EPCVhrtnyGX7//iX05QY="
    }
  }
}
